<?xml version="1.0" encoding="utf-8"?>
<Project ToolsVersion="4.0" xmlns="http://schemas.microsoft.com/developer/msbuild/2003">
  <ItemGroup>
    <ClCompile Include="..\Includes\glad\src\glad.c" />
    <ClCompile Include="Controlls\Source\KeyIn.cpp" />
    <ClCompile Include="Graphic\Source\Object.cpp" />
    <ClCompile Include="Graphic\Source\Program.cpp" />
    <ClCompile Include="Imgui\imgui.cpp" />
    <ClCompile Include="Imgui\imgui_demo.cpp" />
    <ClCompile Include="Imgui\imgui_draw.cpp" />
    <ClCompile Include="Imgui\imgui_impl_glfw_gl3.cpp" />
    <ClCompile Include="libs\gl3w\GL\gl3w.c" />
    <ClCompile Include="libs\usynergy\uSynergy.c" />
    <ClCompile Include="Graphic\Source\shaderCreater.cpp" />
    <ClCompile Include="Graphic\Source\Terrain.cpp" />
    <ClCompile Include="Graphic\Source\Camera.cpp" />
    <ClCompile Include="Graphic\Source\Deferred.cpp" />
    <ClCompile Include="Logic\Source\PerlinNoise.cpp" />
    <ClCompile Include="Logic\Source\ppm.cpp" />
    <ClCompile Include="main.cpp" />
    <ClCompile Include="Logic\Source\GenWindow.cpp" />
    <ClCompile Include="Logic\Source\SeedConverter.cpp" />
    <ClCompile Include="Logic\Source\HeightMap.cpp" />
  </ItemGroup>
  <ItemGroup>
    <ClInclude Include="Controlls\Header\KeyIn.h" />
    <ClInclude Include="Defines.h" />
    <ClInclude Include="Graphic\header\Object.h" />
    <ClInclude Include="Graphic\header\Program.h" />
    <ClInclude Include="Imgui\imconfig.h" />
    <ClInclude Include="Imgui\imgui.h" />
    <ClInclude Include="Imgui\imgui_impl_glfw_gl3.h" />
    <ClInclude Include="Imgui\imgui_internal.h" />
    <ClInclude Include="Imgui\stb_rect_pack.h" />
    <ClInclude Include="Imgui\stb_textedit.h" />
    <ClInclude Include="Imgui\stb_truetype.h" />
    <ClInclude Include="libs\gl3w\GL\gl3w.h" />
    <ClInclude Include="libs\gl3w\GL\glcorearb.h" />
    <ClInclude Include="libs\glfw\include\GLFW\glfw3.h" />
    <ClInclude Include="libs\glfw\include\GLFW\glfw3native.h" />
    <ClInclude Include="libs\usynergy\uSynergy.h" />
    <ClInclude Include="Logic\header\PerlinNoise.h" />
    <ClInclude Include="Logic\header\ppm.h" />
    <ClInclude Include="Graphic\header\Object.h" />
    <ClInclude Include="Graphic\header\Terrain.h" />
    <ClInclude Include="Graphic\header\Camera.h" />
    <ClInclude Include="Graphic\header\Deferred.h" />
    <ClInclude Include="Graphic\header\shaderCreater.h" />
    <ClInclude Include="Logic\header\GenWindow.h" />
    <ClInclude Include="Logic\header\SeedConverter.h" />
    <ClInclude Include="Logic\header\HeightMap.h" />
  </ItemGroup>
  <ItemGroup>
    <None Include="Graphic\Shaders\gfragment.glsl" />
    <None Include="Graphic\Shaders\ggeometry.glsl" />
    <None Include="Graphic\Shaders\gvertex.glsl" />
    <None Include="Graphic\Shaders\ffragment.glsl" />
    <None Include="Graphic\Shaders\fvertex.glsl" />
  </ItemGroup>
</Project>