
Microsoft Visual Studio Solution File, Format Version 12.00
# Visual Studio 15
VisualStudioVersion = 15.0.27428.1
MinimumVisualStudioVersion = 10.0.40219.1
Project("{8BC9CEB8-8B4A-11D0-8D11-00A0C91BC942}") = "Project", "Project\Project.vcxproj", "{20BDA9ED-D27B-4538-B285-E1320DC5BFE9}"
EndProject
Global
	GlobalSection(SolutionConfigurationPlatforms) = preSolution
		Debug|x64 = Debug|x64
		Debug|x86 = Debug|x86
		Release|x64 = Release|x64
		Release|x86 = Release|x86
	EndGlobalSection
	GlobalSection(ProjectConfigurationPlatforms) = postSolution
		{20BDA9ED-D27B-4538-B285-E1320DC5BFE9}.Debug|x64.ActiveCfg = Debug|x64
		{20BDA9ED-D27B-4538-B285-E1320DC5BFE9}.Debug|x64.Build.0 = Debug|x64
		{20BDA9ED-D27B-4538-B285-E1320DC5BFE9}.Debug|x86.ActiveCfg = Debug|Win32
		{20BDA9ED-D27B-4538-B285-E1320DC5BFE9}.Debug|x86.Build.0 = Debug|Win32
		{20BDA9ED-D27B-4538-B285-E1320DC5BFE9}.Release|x64.ActiveCfg = Release|x64
		{20BDA9ED-D27B-4538-B285-E1320DC5BFE9}.Release|x64.Build.0 = Release|x64
		{20BDA9ED-D27B-4538-B285-E1320DC5BFE9}.Release|x86.ActiveCfg = Release|Win32
		{20BDA9ED-D27B-4538-B285-E1320DC5BFE9}.Release|x86.Build.0 = Release|Win32
	EndGlobalSection
	GlobalSection(SolutionProperties) = preSolution
		HideSolutionNode = FALSE
	EndGlobalSection
	GlobalSection(ExtensibilityGlobals) = postSolution
		SolutionGuid = {D7F3E16C-33D7-4063-B64C-A1DF69C84CD0}
	EndGlobalSection
EndGlobal
